// !$*UTF8*$!
{
	archiveVersion = 1;
	classes = {
	};
	objectVersion = 46;
	objects = {

/* Begin PBXBuildFile section */
		B625F849AD95198AAC491720 /* libPods.a in Frameworks */ = {isa = PBXBuildFile; fileRef = A2C40376661F6BE2EFB19295 /* libPods.a */; };
		D227E8CF1C34D43800E9576F /* BLUserInfoTableViewController.swift in Sources */ = {isa = PBXBuildFile; fileRef = D227E8CE1C34D43800E9576F /* BLUserInfoTableViewController.swift */; };
		D27DAE5C1C16C23A00E02437 /* AppDelegate.swift in Sources */ = {isa = PBXBuildFile; fileRef = D27DAE5B1C16C23A00E02437 /* AppDelegate.swift */; };
		D27DAE631C16C23A00E02437 /* LibraryTab.storyboard in Resources */ = {isa = PBXBuildFile; fileRef = D27DAE611C16C23A00E02437 /* LibraryTab.storyboard */; };
		D27DAE651C16C23A00E02437 /* Assets.xcassets in Resources */ = {isa = PBXBuildFile; fileRef = D27DAE641C16C23A00E02437 /* Assets.xcassets */; };
		D27DAE681C16C23A00E02437 /* LaunchScreen.storyboard in Resources */ = {isa = PBXBuildFile; fileRef = D27DAE661C16C23A00E02437 /* LaunchScreen.storyboard */; };
		D27DAE731C16C23A00E02437 /* MyBookLibraryTests.swift in Sources */ = {isa = PBXBuildFile; fileRef = D27DAE721C16C23A00E02437 /* MyBookLibraryTests.swift */; };
		D27DAE7E1C16C23A00E02437 /* MyBookLibraryUITests.swift in Sources */ = {isa = PBXBuildFile; fileRef = D27DAE7D1C16C23A00E02437 /* MyBookLibraryUITests.swift */; };
		D28341111C27F926001A2E76 /* SelectLibrary.storyboard in Resources */ = {isa = PBXBuildFile; fileRef = D283410F1C27F926001A2E76 /* SelectLibrary.storyboard */; };
		D283411B1C28FEF0001A2E76 /* BLLibraryManager.swift in Sources */ = {isa = PBXBuildFile; fileRef = D283411A1C28FEF0001A2E76 /* BLLibraryManager.swift */; };
		D283415D1C29067D001A2E76 /* BLSelectLibraryViewController.swift in Sources */ = {isa = PBXBuildFile; fileRef = D283415C1C29067D001A2E76 /* BLSelectLibraryViewController.swift */; };
		D288A5581C33D67000C2146F /* LoginAndRegister.storyboard in Resources */ = {isa = PBXBuildFile; fileRef = D288A5561C33D67000C2146F /* LoginAndRegister.storyboard */; };
		D288A55A1C33D88100C2146F /* BLUserLoginViewController.swift in Sources */ = {isa = PBXBuildFile; fileRef = D288A5591C33D88100C2146F /* BLUserLoginViewController.swift */; };
		D288A5611C33DD5200C2146F /* BLCreateLibraryViewController.swift in Sources */ = {isa = PBXBuildFile; fileRef = D288A5601C33DD5200C2146F /* BLCreateLibraryViewController.swift */; };
		D288A56A1C34CD0100C2146F /* UIViewController+Extensions.swift in Sources */ = {isa = PBXBuildFile; fileRef = D288A5681C34CD0100C2146F /* UIViewController+Extensions.swift */; };
		D2DACFAA1C2923CB001193C8 /* BLUser.swift in Sources */ = {isa = PBXBuildFile; fileRef = D2DACFA81C2923CB001193C8 /* BLUser.swift */; };
		D2DACFAE1C292629001193C8 /* BLLibrary.swift in Sources */ = {isa = PBXBuildFile; fileRef = D2DACFAC1C292629001193C8 /* BLLibrary.swift */; };
		D2DACFB11C2A7338001193C8 /* BLUserRegisterViewController.swift in Sources */ = {isa = PBXBuildFile; fileRef = D2DACFB01C2A7338001193C8 /* BLUserRegisterViewController.swift */; };
		D2DACFB31C2A8614001193C8 /* BLLibraryTabViewController.swift in Sources */ = {isa = PBXBuildFile; fileRef = D2DACFB21C2A8614001193C8 /* BLLibraryTabViewController.swift */; };
		D2DACFB81C2A87FA001193C8 /* BLBorrowAndReturnViewController.swift in Sources */ = {isa = PBXBuildFile; fileRef = D2DACFB61C2A87FA001193C8 /* BLBorrowAndReturnViewController.swift */; };
		D2DACFB91C2A87FA001193C8 /* BLLibraryCollectionsViewController.swift in Sources */ = {isa = PBXBuildFile; fileRef = D2DACFB71C2A87FA001193C8 /* BLLibraryCollectionsViewController.swift */; };
/* End PBXBuildFile section */

/* Begin PBXContainerItemProxy section */
		D27DAE6F1C16C23A00E02437 /* PBXContainerItemProxy */ = {
			isa = PBXContainerItemProxy;
			containerPortal = D27DAE501C16C23A00E02437 /* Project object */;
			proxyType = 1;
			remoteGlobalIDString = D27DAE571C16C23A00E02437;
			remoteInfo = MyBookLibrary;
		};
		D27DAE7A1C16C23A00E02437 /* PBXContainerItemProxy */ = {
			isa = PBXContainerItemProxy;
			containerPortal = D27DAE501C16C23A00E02437 /* Project object */;
			proxyType = 1;
			remoteGlobalIDString = D27DAE571C16C23A00E02437;
			remoteInfo = MyBookLibrary;
		};
/* End PBXContainerItemProxy section */

/* Begin PBXFileReference section */
		0A69AFF73B14A5C827BA5964 /* Pods.release.xcconfig */ = {isa = PBXFileReference; includeInIndex = 1; lastKnownFileType = text.xcconfig; name = Pods.release.xcconfig; path = "Pods/Target Support Files/Pods/Pods.release.xcconfig"; sourceTree = "<group>"; };
		A2C40376661F6BE2EFB19295 /* libPods.a */ = {isa = PBXFileReference; explicitFileType = archive.ar; includeInIndex = 0; path = libPods.a; sourceTree = BUILT_PRODUCTS_DIR; };
		D227E8CE1C34D43800E9576F /* BLUserInfoTableViewController.swift */ = {isa = PBXFileReference; fileEncoding = 4; lastKnownFileType = sourcecode.swift; name = BLUserInfoTableViewController.swift; path = Controllers/BLUserInfoTableViewController.swift; sourceTree = "<group>"; };
		D27DAE581C16C23A00E02437 /* MyBookLibrary.app */ = {isa = PBXFileReference; explicitFileType = wrapper.application; includeInIndex = 0; path = MyBookLibrary.app; sourceTree = BUILT_PRODUCTS_DIR; };
		D27DAE5B1C16C23A00E02437 /* AppDelegate.swift */ = {isa = PBXFileReference; lastKnownFileType = sourcecode.swift; path = AppDelegate.swift; sourceTree = "<group>"; };
		D27DAE621C16C23A00E02437 /* Base */ = {isa = PBXFileReference; lastKnownFileType = file.storyboard; name = Base; path = Base.lproj/LibraryTab.storyboard; sourceTree = "<group>"; };
		D27DAE641C16C23A00E02437 /* Assets.xcassets */ = {isa = PBXFileReference; lastKnownFileType = folder.assetcatalog; path = Assets.xcassets; sourceTree = "<group>"; };
		D27DAE671C16C23A00E02437 /* Base */ = {isa = PBXFileReference; lastKnownFileType = file.storyboard; name = Base; path = Base.lproj/LaunchScreen.storyboard; sourceTree = "<group>"; };
		D27DAE691C16C23A00E02437 /* Info.plist */ = {isa = PBXFileReference; lastKnownFileType = text.plist.xml; path = Info.plist; sourceTree = "<group>"; };
		D27DAE6E1C16C23A00E02437 /* MyBookLibraryTests.xctest */ = {isa = PBXFileReference; explicitFileType = wrapper.cfbundle; includeInIndex = 0; path = MyBookLibraryTests.xctest; sourceTree = BUILT_PRODUCTS_DIR; };
		D27DAE721C16C23A00E02437 /* MyBookLibraryTests.swift */ = {isa = PBXFileReference; lastKnownFileType = sourcecode.swift; path = MyBookLibraryTests.swift; sourceTree = "<group>"; };
		D27DAE741C16C23A00E02437 /* Info.plist */ = {isa = PBXFileReference; lastKnownFileType = text.plist.xml; path = Info.plist; sourceTree = "<group>"; };
		D27DAE791C16C23A00E02437 /* MyBookLibraryUITests.xctest */ = {isa = PBXFileReference; explicitFileType = wrapper.cfbundle; includeInIndex = 0; path = MyBookLibraryUITests.xctest; sourceTree = BUILT_PRODUCTS_DIR; };
		D27DAE7D1C16C23A00E02437 /* MyBookLibraryUITests.swift */ = {isa = PBXFileReference; lastKnownFileType = sourcecode.swift; path = MyBookLibraryUITests.swift; sourceTree = "<group>"; };
		D27DAE7F1C16C23A00E02437 /* Info.plist */ = {isa = PBXFileReference; lastKnownFileType = text.plist.xml; path = Info.plist; sourceTree = "<group>"; };
		D28341101C27F926001A2E76 /* Base */ = {isa = PBXFileReference; lastKnownFileType = file.storyboard; name = Base; path = Base.lproj/SelectLibrary.storyboard; sourceTree = "<group>"; };
		D283411A1C28FEF0001A2E76 /* BLLibraryManager.swift */ = {isa = PBXFileReference; fileEncoding = 4; lastKnownFileType = sourcecode.swift; name = BLLibraryManager.swift; path = DataManagers/BLLibraryManager.swift; sourceTree = "<group>"; };
		D283411C1C2904A0001A2E76 /* CoreData.framework */ = {isa = PBXFileReference; lastKnownFileType = wrapper.framework; name = CoreData.framework; path = System/Library/Frameworks/CoreData.framework; sourceTree = SDKROOT; };
		D283415C1C29067D001A2E76 /* BLSelectLibraryViewController.swift */ = {isa = PBXFileReference; fileEncoding = 4; lastKnownFileType = sourcecode.swift; name = BLSelectLibraryViewController.swift; path = Controllers/BLSelectLibraryViewController.swift; sourceTree = "<group>"; };
		D288A5571C33D67000C2146F /* Base */ = {isa = PBXFileReference; lastKnownFileType = file.storyboard; name = Base; path = Base.lproj/LoginAndRegister.storyboard; sourceTree = "<group>"; };
		D288A5591C33D88100C2146F /* BLUserLoginViewController.swift */ = {isa = PBXFileReference; fileEncoding = 4; lastKnownFileType = sourcecode.swift; name = BLUserLoginViewController.swift; path = Controllers/BLUserLoginViewController.swift; sourceTree = "<group>"; };
		D288A5601C33DD5200C2146F /* BLCreateLibraryViewController.swift */ = {isa = PBXFileReference; fileEncoding = 4; lastKnownFileType = sourcecode.swift; name = BLCreateLibraryViewController.swift; path = Controllers/BLCreateLibraryViewController.swift; sourceTree = "<group>"; };
		D288A5681C34CD0100C2146F /* UIViewController+Extensions.swift */ = {isa = PBXFileReference; fileEncoding = 4; lastKnownFileType = sourcecode.swift; name = "UIViewController+Extensions.swift"; path = "Extensions/UIViewController+Extensions.swift"; sourceTree = "<group>"; };
		D2DACFA81C2923CB001193C8 /* BLUser.swift */ = {isa = PBXFileReference; fileEncoding = 4; lastKnownFileType = sourcecode.swift; name = BLUser.swift; path = Models/BLUser.swift; sourceTree = "<group>"; };
		D2DACFAC1C292629001193C8 /* BLLibrary.swift */ = {isa = PBXFileReference; fileEncoding = 4; lastKnownFileType = sourcecode.swift; name = BLLibrary.swift; path = Models/BLLibrary.swift; sourceTree = "<group>"; };
		D2DACFAF1C2A4983001193C8 /* MyBookLibrary-Bridging-Header.h */ = {isa = PBXFileReference; fileEncoding = 4; lastKnownFileType = sourcecode.c.h; path = "MyBookLibrary-Bridging-Header.h"; sourceTree = "<group>"; };
		D2DACFB01C2A7338001193C8 /* BLUserRegisterViewController.swift */ = {isa = PBXFileReference; fileEncoding = 4; lastKnownFileType = sourcecode.swift; name = BLUserRegisterViewController.swift; path = Controllers/BLUserRegisterViewController.swift; sourceTree = "<group>"; };
		D2DACFB21C2A8614001193C8 /* BLLibraryTabViewController.swift */ = {isa = PBXFileReference; fileEncoding = 4; lastKnownFileType = sourcecode.swift; name = BLLibraryTabViewController.swift; path = Controllers/BLLibraryTabViewController.swift; sourceTree = "<group>"; };
		D2DACFB61C2A87FA001193C8 /* BLBorrowAndReturnViewController.swift */ = {isa = PBXFileReference; fileEncoding = 4; lastKnownFileType = sourcecode.swift; name = BLBorrowAndReturnViewController.swift; path = Controllers/BLBorrowAndReturnViewController.swift; sourceTree = "<group>"; };
		D2DACFB71C2A87FA001193C8 /* BLLibraryCollectionsViewController.swift */ = {isa = PBXFileReference; fileEncoding = 4; lastKnownFileType = sourcecode.swift; name = BLLibraryCollectionsViewController.swift; path = Controllers/BLLibraryCollectionsViewController.swift; sourceTree = "<group>"; };
		DFAE82C41010D4B206537B29 /* Pods.debug.xcconfig */ = {isa = PBXFileReference; includeInIndex = 1; lastKnownFileType = text.xcconfig; name = Pods.debug.xcconfig; path = "Pods/Target Support Files/Pods/Pods.debug.xcconfig"; sourceTree = "<group>"; };
/* End PBXFileReference section */

/* Begin PBXFrameworksBuildPhase section */
		D27DAE551C16C23A00E02437 /* Frameworks */ = {
			isa = PBXFrameworksBuildPhase;
			buildActionMask = 2147483647;
			files = (
				B625F849AD95198AAC491720 /* libPods.a in Frameworks */,
			);
			runOnlyForDeploymentPostprocessing = 0;
		};
		D27DAE6B1C16C23A00E02437 /* Frameworks */ = {
			isa = PBXFrameworksBuildPhase;
			buildActionMask = 2147483647;
			files = (
			);
			runOnlyForDeploymentPostprocessing = 0;
		};
		D27DAE761C16C23A00E02437 /* Frameworks */ = {
			isa = PBXFrameworksBuildPhase;
			buildActionMask = 2147483647;
			files = (
			);
			runOnlyForDeploymentPostprocessing = 0;
		};
/* End PBXFrameworksBuildPhase section */

/* Begin PBXGroup section */
		27DCB54D8EB732E4B22B27E5 /* Pods */ = {
			isa = PBXGroup;
			children = (
				DFAE82C41010D4B206537B29 /* Pods.debug.xcconfig */,
				0A69AFF73B14A5C827BA5964 /* Pods.release.xcconfig */,
			);
			name = Pods;
			sourceTree = "<group>";
		};
		493DB8C231A56047675461BB /* Frameworks */ = {
			isa = PBXGroup;
			children = (
				D283411C1C2904A0001A2E76 /* CoreData.framework */,
				A2C40376661F6BE2EFB19295 /* libPods.a */,
			);
			name = Frameworks;
			sourceTree = "<group>";
		};
		D27DAE4F1C16C23A00E02437 = {
			isa = PBXGroup;
			children = (
				D27DAE5A1C16C23A00E02437 /* MyBookLibrary */,
				D27DAE711C16C23A00E02437 /* MyBookLibraryTests */,
				D27DAE7C1C16C23A00E02437 /* MyBookLibraryUITests */,
				D27DAE591C16C23A00E02437 /* Products */,
				27DCB54D8EB732E4B22B27E5 /* Pods */,
				493DB8C231A56047675461BB /* Frameworks */,
			);
			sourceTree = "<group>";
		};
		D27DAE591C16C23A00E02437 /* Products */ = {
			isa = PBXGroup;
			children = (
				D27DAE581C16C23A00E02437 /* MyBookLibrary.app */,
				D27DAE6E1C16C23A00E02437 /* MyBookLibraryTests.xctest */,
				D27DAE791C16C23A00E02437 /* MyBookLibraryUITests.xctest */,
			);
			name = Products;
			sourceTree = "<group>";
		};
		D27DAE5A1C16C23A00E02437 /* MyBookLibrary */ = {
			isa = PBXGroup;
			children = (
				D288A5621C34C3B800C2146F /* Extensions */,
				D283415B1C290647001A2E76 /* Controllers */,
				D28341151C28FCEC001A2E76 /* Models */,
				D28341121C28FBF8001A2E76 /* DataManagers */,
				D27DAE5B1C16C23A00E02437 /* AppDelegate.swift */,
				D27DAE611C16C23A00E02437 /* LibraryTab.storyboard */,
				D283410F1C27F926001A2E76 /* SelectLibrary.storyboard */,
				D288A5561C33D67000C2146F /* LoginAndRegister.storyboard */,
				D27DAE641C16C23A00E02437 /* Assets.xcassets */,
				D27DAE661C16C23A00E02437 /* LaunchScreen.storyboard */,
				D27DAE691C16C23A00E02437 /* Info.plist */,
				D2DACFAF1C2A4983001193C8 /* MyBookLibrary-Bridging-Header.h */,
			);
			path = MyBookLibrary;
			sourceTree = "<group>";
		};
		D27DAE711C16C23A00E02437 /* MyBookLibraryTests */ = {
			isa = PBXGroup;
			children = (
				D27DAE721C16C23A00E02437 /* MyBookLibraryTests.swift */,
				D27DAE741C16C23A00E02437 /* Info.plist */,
			);
			path = MyBookLibraryTests;
			sourceTree = "<group>";
		};
		D27DAE7C1C16C23A00E02437 /* MyBookLibraryUITests */ = {
			isa = PBXGroup;
			children = (
				D27DAE7D1C16C23A00E02437 /* MyBookLibraryUITests.swift */,
				D27DAE7F1C16C23A00E02437 /* Info.plist */,
			);
			path = MyBookLibraryUITests;
			sourceTree = "<group>";
		};
		D28341121C28FBF8001A2E76 /* DataManagers */ = {
			isa = PBXGroup;
			children = (
				D283411A1C28FEF0001A2E76 /* BLLibraryManager.swift */,
			);
			name = DataManagers;
			sourceTree = "<group>";
		};
		D28341151C28FCEC001A2E76 /* Models */ = {
			isa = PBXGroup;
			children = (
				D2DACFAC1C292629001193C8 /* BLLibrary.swift */,
				D2DACFA81C2923CB001193C8 /* BLUser.swift */,
			);
			name = Models;
			sourceTree = "<group>";
		};
		D283415B1C290647001A2E76 /* Controllers */ = {
			isa = PBXGroup;
			children = (
				D288A55F1C33D95B00C2146F /* UserInfo */,
				D288A55E1C33D8F700C2146F /* BorrowAndReturn */,
				D288A55D1C33D8E800C2146F /* LibraryCollection */,
				D288A55C1C33D89F00C2146F /* SelectLibrary */,
				D288A55B1C33D88900C2146F /* LoginAndRegister */,
				D2DACFB21C2A8614001193C8 /* BLLibraryTabViewController.swift */,
			);
			name = Controllers;
			sourceTree = "<group>";
		};
		D288A55B1C33D88900C2146F /* LoginAndRegister */ = {
			isa = PBXGroup;
			children = (
				D2DACFB01C2A7338001193C8 /* BLUserRegisterViewController.swift */,
				D288A5591C33D88100C2146F /* BLUserLoginViewController.swift */,
			);
			name = LoginAndRegister;
			sourceTree = "<group>";
		};
		D288A55C1C33D89F00C2146F /* SelectLibrary */ = {
			isa = PBXGroup;
			children = (
				D283415C1C29067D001A2E76 /* BLSelectLibraryViewController.swift */,
				D288A5601C33DD5200C2146F /* BLCreateLibraryViewController.swift */,
			);
			name = SelectLibrary;
			sourceTree = "<group>";
		};
		D288A55D1C33D8E800C2146F /* LibraryCollection */ = {
			isa = PBXGroup;
			children = (
				D2DACFB71C2A87FA001193C8 /* BLLibraryCollectionsViewController.swift */,
			);
			name = LibraryCollection;
			sourceTree = "<group>";
		};
		D288A55E1C33D8F700C2146F /* BorrowAndReturn */ = {
			isa = PBXGroup;
			children = (
				D2DACFB61C2A87FA001193C8 /* BLBorrowAndReturnViewController.swift */,
			);
			name = BorrowAndReturn;
			sourceTree = "<group>";
		};
		D288A55F1C33D95B00C2146F /* UserInfo */ = {
			isa = PBXGroup;
			children = (
				D227E8CE1C34D43800E9576F /* BLUserInfoTableViewController.swift */,
			);
			name = UserInfo;
			sourceTree = "<group>";
		};
		D288A5621C34C3B800C2146F /* Extensions */ = {
			isa = PBXGroup;
			children = (
				D288A5681C34CD0100C2146F /* UIViewController+Extensions.swift */,
			);
			name = Extensions;
			sourceTree = "<group>";
		};
/* End PBXGroup section */

/* Begin PBXNativeTarget section */
		D27DAE571C16C23A00E02437 /* MyBookLibrary */ = {
			isa = PBXNativeTarget;
			buildConfigurationList = D27DAE821C16C23A00E02437 /* Build configuration list for PBXNativeTarget "MyBookLibrary" */;
			buildPhases = (
				F2E9CFCA69CCB6A0BDF9DC4F /* Check Pods Manifest.lock */,
				D27DAE541C16C23A00E02437 /* Sources */,
				D27DAE551C16C23A00E02437 /* Frameworks */,
				D27DAE561C16C23A00E02437 /* Resources */,
				1EBF659B6EC7738651A8740C /* Embed Pods Frameworks */,
				2F0AC4C2DA3BEA2ED86B1F5F /* Copy Pods Resources */,
			);
			buildRules = (
			);
			dependencies = (
			);
			name = MyBookLibrary;
			productName = MyBookLibrary;
			productReference = D27DAE581C16C23A00E02437 /* MyBookLibrary.app */;
			productType = "com.apple.product-type.application";
		};
		D27DAE6D1C16C23A00E02437 /* MyBookLibraryTests */ = {
			isa = PBXNativeTarget;
			buildConfigurationList = D27DAE851C16C23A00E02437 /* Build configuration list for PBXNativeTarget "MyBookLibraryTests" */;
			buildPhases = (
				D27DAE6A1C16C23A00E02437 /* Sources */,
				D27DAE6B1C16C23A00E02437 /* Frameworks */,
				D27DAE6C1C16C23A00E02437 /* Resources */,
			);
			buildRules = (
			);
			dependencies = (
				D27DAE701C16C23A00E02437 /* PBXTargetDependency */,
			);
			name = MyBookLibraryTests;
			productName = MyBookLibraryTests;
			productReference = D27DAE6E1C16C23A00E02437 /* MyBookLibraryTests.xctest */;
			productType = "com.apple.product-type.bundle.unit-test";
		};
		D27DAE781C16C23A00E02437 /* MyBookLibraryUITests */ = {
			isa = PBXNativeTarget;
			buildConfigurationList = D27DAE881C16C23A00E02437 /* Build configuration list for PBXNativeTarget "MyBookLibraryUITests" */;
			buildPhases = (
				D27DAE751C16C23A00E02437 /* Sources */,
				D27DAE761C16C23A00E02437 /* Frameworks */,
				D27DAE771C16C23A00E02437 /* Resources */,
			);
			buildRules = (
			);
			dependencies = (
				D27DAE7B1C16C23A00E02437 /* PBXTargetDependency */,
			);
			name = MyBookLibraryUITests;
			productName = MyBookLibraryUITests;
			productReference = D27DAE791C16C23A00E02437 /* MyBookLibraryUITests.xctest */;
			productType = "com.apple.product-type.bundle.ui-testing";
		};
/* End PBXNativeTarget section */

/* Begin PBXProject section */
		D27DAE501C16C23A00E02437 /* Project object */ = {
			isa = PBXProject;
			attributes = {
				LastSwiftUpdateCheck = 0710;
				LastUpgradeCheck = 0710;
				ORGANIZATIONNAME = verazeng;
				TargetAttributes = {
					D27DAE571C16C23A00E02437 = {
						CreatedOnToolsVersion = 7.1.1;
						DevelopmentTeam = 7H4G4N5C84;
					};
					D27DAE6D1C16C23A00E02437 = {
						CreatedOnToolsVersion = 7.1.1;
						TestTargetID = D27DAE571C16C23A00E02437;
					};
					D27DAE781C16C23A00E02437 = {
						CreatedOnToolsVersion = 7.1.1;
						TestTargetID = D27DAE571C16C23A00E02437;
					};
				};
			};
			buildConfigurationList = D27DAE531C16C23A00E02437 /* Build configuration list for PBXProject "MyBookLibrary" */;
			compatibilityVersion = "Xcode 3.2";
			developmentRegion = English;
			hasScannedForEncodings = 0;
			knownRegions = (
				en,
				Base,
			);
			mainGroup = D27DAE4F1C16C23A00E02437;
			productRefGroup = D27DAE591C16C23A00E02437 /* Products */;
			projectDirPath = "";
			projectRoot = "";
			targets = (
				D27DAE571C16C23A00E02437 /* MyBookLibrary */,
				D27DAE6D1C16C23A00E02437 /* MyBookLibraryTests */,
				D27DAE781C16C23A00E02437 /* MyBookLibraryUITests */,
			);
		};
/* End PBXProject section */

/* Begin PBXResourcesBuildPhase section */
		D27DAE561C16C23A00E02437 /* Resources */ = {
			isa = PBXResourcesBuildPhase;
			buildActionMask = 2147483647;
			files = (
				D28341111C27F926001A2E76 /* SelectLibrary.storyboard in Resources */,
				D27DAE681C16C23A00E02437 /* LaunchScreen.storyboard in Resources */,
				D27DAE651C16C23A00E02437 /* Assets.xcassets in Resources */,
				D288A5581C33D67000C2146F /* LoginAndRegister.storyboard in Resources */,
				D27DAE631C16C23A00E02437 /* LibraryTab.storyboard in Resources */,
			);
			runOnlyForDeploymentPostprocessing = 0;
		};
		D27DAE6C1C16C23A00E02437 /* Resources */ = {
			isa = PBXResourcesBuildPhase;
			buildActionMask = 2147483647;
			files = (
			);
			runOnlyForDeploymentPostprocessing = 0;
		};
		D27DAE771C16C23A00E02437 /* Resources */ = {
			isa = PBXResourcesBuildPhase;
			buildActionMask = 2147483647;
			files = (
			);
			runOnlyForDeploymentPostprocessing = 0;
		};
/* End PBXResourcesBuildPhase section */

/* Begin PBXShellScriptBuildPhase section */
		1EBF659B6EC7738651A8740C /* Embed Pods Frameworks */ = {
			isa = PBXShellScriptBuildPhase;
			buildActionMask = 2147483647;
			files = (
			);
			inputPaths = (
			);
			name = "Embed Pods Frameworks";
			outputPaths = (
			);
			runOnlyForDeploymentPostprocessing = 0;
			shellPath = /bin/sh;
			shellScript = "\"${SRCROOT}/Pods/Target Support Files/Pods/Pods-frameworks.sh\"\n";
			showEnvVarsInLog = 0;
		};
		2F0AC4C2DA3BEA2ED86B1F5F /* Copy Pods Resources */ = {
			isa = PBXShellScriptBuildPhase;
			buildActionMask = 2147483647;
			files = (
			);
			inputPaths = (
			);
			name = "Copy Pods Resources";
			outputPaths = (
			);
			runOnlyForDeploymentPostprocessing = 0;
			shellPath = /bin/sh;
			shellScript = "\"${SRCROOT}/Pods/Target Support Files/Pods/Pods-resources.sh\"\n";
			showEnvVarsInLog = 0;
		};
		F2E9CFCA69CCB6A0BDF9DC4F /* Check Pods Manifest.lock */ = {
			isa = PBXShellScriptBuildPhase;
			buildActionMask = 2147483647;
			files = (
			);
			inputPaths = (
			);
			name = "Check Pods Manifest.lock";
			outputPaths = (
			);
			runOnlyForDeploymentPostprocessing = 0;
			shellPath = /bin/sh;
			shellScript = "diff \"${PODS_ROOT}/../Podfile.lock\" \"${PODS_ROOT}/Manifest.lock\" > /dev/null\nif [[ $? != 0 ]] ; then\n    cat << EOM\nerror: The sandbox is not in sync with the Podfile.lock. Run 'pod install' or update your CocoaPods installation.\nEOM\n    exit 1\nfi\n";
			showEnvVarsInLog = 0;
		};
/* End PBXShellScriptBuildPhase section */

/* Begin PBXSourcesBuildPhase section */
		D27DAE541C16C23A00E02437 /* Sources */ = {
			isa = PBXSourcesBuildPhase;
			buildActionMask = 2147483647;
			files = (
				D283415D1C29067D001A2E76 /* BLSelectLibraryViewController.swift in Sources */,
				D288A55A1C33D88100C2146F /* BLUserLoginViewController.swift in Sources */,
				D2DACFAA1C2923CB001193C8 /* BLUser.swift in Sources */,
				D283411B1C28FEF0001A2E76 /* BLLibraryManager.swift in Sources */,
				D227E8CF1C34D43800E9576F /* BLUserInfoTableViewController.swift in Sources */,
				D27DAE5C1C16C23A00E02437 /* AppDelegate.swift in Sources */,
				D2DACFB81C2A87FA001193C8 /* BLBorrowAndReturnViewController.swift in Sources */,
				D2DACFB31C2A8614001193C8 /* BLLibraryTabViewController.swift in Sources */,
				D2DACFB11C2A7338001193C8 /* BLUserRegisterViewController.swift in Sources */,
				D288A5611C33DD5200C2146F /* BLCreateLibraryViewController.swift in Sources */,
				D288A56A1C34CD0100C2146F /* UIViewController+Extensions.swift in Sources */,
				D2DACFAE1C292629001193C8 /* BLLibrary.swift in Sources */,
				D2DACFB91C2A87FA001193C8 /* BLLibraryCollectionsViewController.swift in Sources */,
			);
			runOnlyForDeploymentPostprocessing = 0;
		};
		D27DAE6A1C16C23A00E02437 /* Sources */ = {
			isa = PBXSourcesBuildPhase;
			buildActionMask = 2147483647;
			files = (
				D27DAE731C16C23A00E02437 /* MyBookLibraryTests.swift in Sources */,
			);
			runOnlyForDeploymentPostprocessing = 0;
		};
		D27DAE751C16C23A00E02437 /* Sources */ = {
			isa = PBXSourcesBuildPhase;
			buildActionMask = 2147483647;
			files = (
				D27DAE7E1C16C23A00E02437 /* MyBookLibraryUITests.swift in Sources */,
			);
			runOnlyForDeploymentPostprocessing = 0;
		};
/* End PBXSourcesBuildPhase section */

/* Begin PBXTargetDependency section */
		D27DAE701C16C23A00E02437 /* PBXTargetDependency */ = {
			isa = PBXTargetDependency;
			target = D27DAE571C16C23A00E02437 /* MyBookLibrary */;
			targetProxy = D27DAE6F1C16C23A00E02437 /* PBXContainerItemProxy */;
		};
		D27DAE7B1C16C23A00E02437 /* PBXTargetDependency */ = {
			isa = PBXTargetDependency;
			target = D27DAE571C16C23A00E02437 /* MyBookLibrary */;
			targetProxy = D27DAE7A1C16C23A00E02437 /* PBXContainerItemProxy */;
		};
/* End PBXTargetDependency section */

/* Begin PBXVariantGroup section */
		D27DAE611C16C23A00E02437 /* LibraryTab.storyboard */ = {
			isa = PBXVariantGroup;
			children = (
				D27DAE621C16C23A00E02437 /* Base */,
			);
			name = LibraryTab.storyboard;
			sourceTree = "<group>";
		};
		D27DAE661C16C23A00E02437 /* LaunchScreen.storyboard */ = {
			isa = PBXVariantGroup;
			children = (
				D27DAE671C16C23A00E02437 /* Base */,
			);
			name = LaunchScreen.storyboard;
			sourceTree = "<group>";
		};
		D283410F1C27F926001A2E76 /* SelectLibrary.storyboard */ = {
			isa = PBXVariantGroup;
			children = (
				D28341101C27F926001A2E76 /* Base */,
			);
			name = SelectLibrary.storyboard;
			sourceTree = "<group>";
		};
		D288A5561C33D67000C2146F /* LoginAndRegister.storyboard */ = {
			isa = PBXVariantGroup;
			children = (
				D288A5571C33D67000C2146F /* Base */,
			);
			name = LoginAndRegister.storyboard;
			sourceTree = "<group>";
		};
/* End PBXVariantGroup section */

/* Begin XCBuildConfiguration section */
		D27DAE801C16C23A00E02437 /* Debug */ = {
			isa = XCBuildConfiguration;
			buildSettings = {
				ALWAYS_SEARCH_USER_PATHS = NO;
				CLANG_CXX_LANGUAGE_STANDARD = "gnu++0x";
				CLANG_CXX_LIBRARY = "libc++";
				CLANG_ENABLE_MODULES = YES;
				CLANG_ENABLE_OBJC_ARC = YES;
				CLANG_WARN_BOOL_CONVERSION = YES;
				CLANG_WARN_CONSTANT_CONVERSION = YES;
				CLANG_WARN_DIRECT_OBJC_ISA_USAGE = YES_ERROR;
				CLANG_WARN_EMPTY_BODY = YES;
				CLANG_WARN_ENUM_CONVERSION = YES;
				CLANG_WARN_INT_CONVERSION = YES;
				CLANG_WARN_OBJC_ROOT_CLASS = YES_ERROR;
				CLANG_WARN_UNREACHABLE_CODE = YES;
				CLANG_WARN__DUPLICATE_METHOD_MATCH = YES;
				"CODE_SIGN_IDENTITY[sdk=iphoneos*]" = "iPhone Developer";
				COPY_PHASE_STRIP = NO;
				DEBUG_INFORMATION_FORMAT = dwarf;
				ENABLE_STRICT_OBJC_MSGSEND = YES;
				ENABLE_TESTABILITY = YES;
				GCC_C_LANGUAGE_STANDARD = gnu99;
				GCC_DYNAMIC_NO_PIC = NO;
				GCC_NO_COMMON_BLOCKS = YES;
				GCC_OPTIMIZATION_LEVEL = 0;
				GCC_PREPROCESSOR_DEFINITIONS = (
					"DEBUG=1",
					"$(inherited)",
				);
				GCC_WARN_64_TO_32_BIT_CONVERSION = YES;
				GCC_WARN_ABOUT_RETURN_TYPE = YES_ERROR;
				GCC_WARN_UNDECLARED_SELECTOR = YES;
				GCC_WARN_UNINITIALIZED_AUTOS = YES_AGGRESSIVE;
				GCC_WARN_UNUSED_FUNCTION = YES;
				GCC_WARN_UNUSED_VARIABLE = YES;
				IPHONEOS_DEPLOYMENT_TARGET = 9.1;
				MTL_ENABLE_DEBUG_INFO = YES;
				ONLY_ACTIVE_ARCH = YES;
				SDKROOT = iphoneos;
				SWIFT_OPTIMIZATION_LEVEL = "-Onone";
				TARGETED_DEVICE_FAMILY = "1,2";
			};
			name = Debug;
		};
		D27DAE811C16C23A00E02437 /* Release */ = {
			isa = XCBuildConfiguration;
			buildSettings = {
				ALWAYS_SEARCH_USER_PATHS = NO;
				CLANG_CXX_LANGUAGE_STANDARD = "gnu++0x";
				CLANG_CXX_LIBRARY = "libc++";
				CLANG_ENABLE_MODULES = YES;
				CLANG_ENABLE_OBJC_ARC = YES;
				CLANG_WARN_BOOL_CONVERSION = YES;
				CLANG_WARN_CONSTANT_CONVERSION = YES;
				CLANG_WARN_DIRECT_OBJC_ISA_USAGE = YES_ERROR;
				CLANG_WARN_EMPTY_BODY = YES;
				CLANG_WARN_ENUM_CONVERSION = YES;
				CLANG_WARN_INT_CONVERSION = YES;
				CLANG_WARN_OBJC_ROOT_CLASS = YES_ERROR;
				CLANG_WARN_UNREACHABLE_CODE = YES;
				CLANG_WARN__DUPLICATE_METHOD_MATCH = YES;
				"CODE_SIGN_IDENTITY[sdk=iphoneos*]" = "iPhone Developer";
				COPY_PHASE_STRIP = NO;
				DEBUG_INFORMATION_FORMAT = "dwarf-with-dsym";
				ENABLE_NS_ASSERTIONS = NO;
				ENABLE_STRICT_OBJC_MSGSEND = YES;
				GCC_C_LANGUAGE_STANDARD = gnu99;
				GCC_NO_COMMON_BLOCKS = YES;
				GCC_WARN_64_TO_32_BIT_CONVERSION = YES;
				GCC_WARN_ABOUT_RETURN_TYPE = YES_ERROR;
				GCC_WARN_UNDECLARED_SELECTOR = YES;
				GCC_WARN_UNINITIALIZED_AUTOS = YES_AGGRESSIVE;
				GCC_WARN_UNUSED_FUNCTION = YES;
				GCC_WARN_UNUSED_VARIABLE = YES;
				IPHONEOS_DEPLOYMENT_TARGET = 9.1;
				MTL_ENABLE_DEBUG_INFO = NO;
				SDKROOT = iphoneos;
				TARGETED_DEVICE_FAMILY = "1,2";
				VALIDATE_PRODUCT = YES;
			};
			name = Release;
		};
		D27DAE831C16C23A00E02437 /* Debug */ = {
			isa = XCBuildConfiguration;
			baseConfigurationReference = DFAE82C41010D4B206537B29 /* Pods.debug.xcconfig */;
			buildSettings = {
				ASSETCATALOG_COMPILER_APPICON_NAME = AppIcon;
				CODE_SIGN_IDENTITY = "iPhone Developer";
				INFOPLIST_FILE = MyBookLibrary/Info.plist;
				LD_RUNPATH_SEARCH_PATHS = "$(inherited) @executable_path/Frameworks";
				PRODUCT_BUNDLE_IDENTIFIER = verazeng.MyBookLibrary;
				PRODUCT_NAME = "$(TARGET_NAME)";
				SWIFT_OBJC_BRIDGING_HEADER = "$(SRCROOT)/MyBookLibrary/MyBookLibrary-Bridging-Header.h";
			};
			name = Debug;
		};
		D27DAE841C16C23A00E02437 /* Release */ = {
			isa = XCBuildConfiguration;
			baseConfigurationReference = 0A69AFF73B14A5C827BA5964 /* Pods.release.xcconfig */;
			buildSettings = {
				ASSETCATALOG_COMPILER_APPICON_NAME = AppIcon;
				CODE_SIGN_IDENTITY = "iPhone Developer";
				INFOPLIST_FILE = MyBookLibrary/Info.plist;
				LD_RUNPATH_SEARCH_PATHS = "$(inherited) @executable_path/Frameworks";
				PRODUCT_BUNDLE_IDENTIFIER = verazeng.MyBookLibrary;
				PRODUCT_NAME = "$(TARGET_NAME)";
				SWIFT_OBJC_BRIDGING_HEADER = "$(SRCROOT)/MyBookLibrary/MyBookLibrary-Bridging-Header.h";
			};
			name = Release;
		};
		D27DAE861C16C23A00E02437 /* Debug */ = {
			isa = XCBuildConfiguration;
			buildSettings = {
				BUNDLE_LOADER = "$(TEST_HOST)";
				INFOPLIST_FILE = MyBookLibraryTests/Info.plist;
				LD_RUNPATH_SEARCH_PATHS = "$(inherited) @executable_path/Frameworks @loader_path/Frameworks";
				PRODUCT_BUNDLE_IDENTIFIER = verazeng.MyBookLibraryTests;
				PRODUCT_NAME = "$(TARGET_NAME)";
				TEST_HOST = "$(BUILT_PRODUCTS_DIR)/MyBookLibrary.app/MyBookLibrary";
			};
			name = Debug;
		};
		D27DAE871C16C23A00E02437 /* Release */ = {
			isa = XCBuildConfiguration;
			buildSettings = {
				BUNDLE_LOADER = "$(TEST_HOST)";
				INFOPLIST_FILE = MyBookLibraryTests/Info.plist;
				LD_RUNPATH_SEARCH_PATHS = "$(inherited) @executable_path/Frameworks @loader_path/Frameworks";
				PRODUCT_BUNDLE_IDENTIFIER = verazeng.MyBookLibraryTests;
				PRODUCT_NAME = "$(TARGET_NAME)";
				TEST_HOST = "$(BUILT_PRODUCTS_DIR)/MyBookLibrary.app/MyBookLibrary";
			};
			name = Release;
		};
		D27DAE891C16C23A00E02437 /* Debug */ = {
			isa = XCBuildConfiguration;
			buildSettings = {
				INFOPLIST_FILE = MyBookLibraryUITests/Info.plist;
				LD_RUNPATH_SEARCH_PATHS = "$(inherited) @executable_path/Frameworks @loader_path/Frameworks";
				PRODUCT_BUNDLE_IDENTIFIER = verazeng.MyBookLibraryUITests;
				PRODUCT_NAME = "$(TARGET_NAME)";
				TEST_TARGET_NAME = MyBookLibrary;
				USES_XCTRUNNER = YES;
			};
			name = Debug;
		};
		D27DAE8A1C16C23A00E02437 /* Release */ = {
			isa = XCBuildConfiguration;
			buildSettings = {
				INFOPLIST_FILE = MyBookLibraryUITests/Info.plist;
				LD_RUNPATH_SEARCH_PATHS = "$(inherited) @executable_path/Frameworks @loader_path/Frameworks";
				PRODUCT_BUNDLE_IDENTIFIER = verazeng.MyBookLibraryUITests;
				PRODUCT_NAME = "$(TARGET_NAME)";
				TEST_TARGET_NAME = MyBookLibrary;
				USES_XCTRUNNER = YES;
			};
			name = Release;
		};
/* End XCBuildConfiguration section */

/* Begin XCConfigurationList section */
		D27DAE531C16C23A00E02437 /* Build configuration list for PBXProject "MyBookLibrary" */ = {
			isa = XCConfigurationList;
			buildConfigurations = (
				D27DAE801C16C23A00E02437 /* Debug */,
				D27DAE811C16C23A00E02437 /* Release */,
			);
			defaultConfigurationIsVisible = 0;
			defaultConfigurationName = Release;
		};
		D27DAE821C16C23A00E02437 /* Build configuration list for PBXNativeTarget "MyBookLibrary" */ = {
			isa = XCConfigurationList;
			buildConfigurations = (
				D27DAE831C16C23A00E02437 /* Debug */,
				D27DAE841C16C23A00E02437 /* Release */,
			);
			defaultConfigurationIsVisible = 0;
			defaultConfigurationName = Release;
		};
		D27DAE851C16C23A00E02437 /* Build configuration list for PBXNativeTarget "MyBookLibraryTests" */ = {
			isa = XCConfigurationList;
			buildConfigurations = (
				D27DAE861C16C23A00E02437 /* Debug */,
				D27DAE871C16C23A00E02437 /* Release */,
			);
			defaultConfigurationIsVisible = 0;
			defaultConfigurationName = Release;
		};
		D27DAE881C16C23A00E02437 /* Build configuration list for PBXNativeTarget "MyBookLibraryUITests" */ = {
			isa = XCConfigurationList;
			buildConfigurations = (
				D27DAE891C16C23A00E02437 /* Debug */,
				D27DAE8A1C16C23A00E02437 /* Release */,
			);
			defaultConfigurationIsVisible = 0;
			defaultConfigurationName = Release;
		};
/* End XCConfigurationList section */
	};
	rootObject = D27DAE501C16C23A00E02437 /* Project object */;
}
